
Microsoft Visual Studio Solution File, Format Version 12.00
# Visual Studio 15
VisualStudioVersion = 15.0.27703.2018
MinimumVisualStudioVersion = 10.0.40219.1
Project("{FAE04EC0-301F-11D3-BF4B-00C04F79EFBC}") = "oop12", "oop12\oop12.csproj", "{8E42FC52-F53F-4B74-83D6-65055491CD68}"
EndProject
Global
	GlobalSection(SolutionConfigurationPlatforms) = preSolution
		Debug|Any CPU = Debug|Any CPU
		Release|Any CPU = Release|Any CPU
	EndGlobalSection
	GlobalSection(ProjectConfigurationPlatforms) = postSolution
		{8E42FC52-F53F-4B74-83D6-65055491CD68}.Debug|Any CPU.ActiveCfg = Debug|Any CPU
		{8E42FC52-F53F-4B74-83D6-65055491CD68}.Debug|Any CPU.Build.0 = Debug|Any CPU
		{8E42FC52-F53F-4B74-83D6-65055491CD68}.Release|Any CPU.ActiveCfg = Release|Any CPU
		{8E42FC52-F53F-4B74-83D6-65055491CD68}.Release|Any CPU.Build.0 = Release|Any CPU
	EndGlobalSection
	GlobalSection(SolutionProperties) = preSolution
		HideSolutionNode = FALSE
	EndGlobalSection
	GlobalSection(ExtensibilityGlobals) = postSolution
		SolutionGuid = {E223E4FA-ECCC-43ED-A897-589468331955}
	EndGlobalSection
EndGlobal
